
Microsoft Visual Studio Solution File, Format Version 12.00
# Visual Studio Version 16
VisualStudioVersion = 16.0.29324.140
MinimumVisualStudioVersion = 10.0.40219.1
Project("{FAE04EC0-301F-11D3-BF4B-00C04F79EFBC}") = "clod-rest-server", "clod-rest-server\clod-rest-server.csproj", "{9C792ED4-A0C1-440F-A7FB-D8BD6DB183FE}"
EndProject
Global
	GlobalSection(SolutionConfigurationPlatforms) = preSolution
		Debug|Any CPU = Debug|Any CPU
		Release|Any CPU = Release|Any CPU
	EndGlobalSection
	GlobalSection(ProjectConfigurationPlatforms) = postSolution
		{9C792ED4-A0C1-440F-A7FB-D8BD6DB183FE}.Debug|Any CPU.ActiveCfg = Debug|Any CPU
		{9C792ED4-A0C1-440F-A7FB-D8BD6DB183FE}.Debug|Any CPU.Build.0 = Debug|Any CPU
		{9C792ED4-A0C1-440F-A7FB-D8BD6DB183FE}.Release|Any CPU.ActiveCfg = Release|Any CPU
		{9C792ED4-A0C1-440F-A7FB-D8BD6DB183FE}.Release|Any CPU.Build.0 = Release|Any CPU
	EndGlobalSection
	GlobalSection(SolutionProperties) = preSolution
		HideSolutionNode = FALSE
	EndGlobalSection
	GlobalSection(ExtensibilityGlobals) = postSolution
		SolutionGuid = {B715A48F-D809-4D99-8AAC-8F0B6E1C35AA}
	EndGlobalSection
EndGlobal
